
Microsoft Visual Studio Solution File, Format Version 12.00
# Visual Studio 15
VisualStudioVersion = 15.0.26124.0
MinimumVisualStudioVersion = 15.0.26124.0
Project("{FAE04EC0-301F-11D3-BF4B-00C04F79EFBC}") = "WebIPS", "WebIPS\WebIPS.csproj", "{2F99904D-95EC-4BA6-8455-657874B11E20}"
EndProject
Project("{FAE04EC0-301F-11D3-BF4B-00C04F79EFBC}") = "Datos", "Datos\Datos.csproj", "{E0E7591F-C06D-4ED8-9893-3C0272F224BA}"
EndProject
Project("{FAE04EC0-301F-11D3-BF4B-00C04F79EFBC}") = "Logica", "Logica\Logica.csproj", "{02B6D5AC-0A18-490A-86FA-6B295E83C444}"
EndProject
Project("{FAE04EC0-301F-11D3-BF4B-00C04F79EFBC}") = "Entity", "Entity\Entity.csproj", "{11DAEED0-64FC-4AD1-8E03-87622E217534}"
EndProject
Global
	GlobalSection(SolutionConfigurationPlatforms) = preSolution
		Debug|Any CPU = Debug|Any CPU
		Debug|x64 = Debug|x64
		Debug|x86 = Debug|x86
		Release|Any CPU = Release|Any CPU
		Release|x64 = Release|x64
		Release|x86 = Release|x86
	EndGlobalSection
	GlobalSection(SolutionProperties) = preSolution
		HideSolutionNode = FALSE
	EndGlobalSection
	GlobalSection(ProjectConfigurationPlatforms) = postSolution
		{2F99904D-95EC-4BA6-8455-657874B11E20}.Debug|Any CPU.ActiveCfg = Debug|Any CPU
		{2F99904D-95EC-4BA6-8455-657874B11E20}.Debug|Any CPU.Build.0 = Debug|Any CPU
		{2F99904D-95EC-4BA6-8455-657874B11E20}.Debug|x64.ActiveCfg = Debug|Any CPU
		{2F99904D-95EC-4BA6-8455-657874B11E20}.Debug|x64.Build.0 = Debug|Any CPU
		{2F99904D-95EC-4BA6-8455-657874B11E20}.Debug|x86.ActiveCfg = Debug|Any CPU
		{2F99904D-95EC-4BA6-8455-657874B11E20}.Debug|x86.Build.0 = Debug|Any CPU
		{2F99904D-95EC-4BA6-8455-657874B11E20}.Release|Any CPU.ActiveCfg = Release|Any CPU
		{2F99904D-95EC-4BA6-8455-657874B11E20}.Release|Any CPU.Build.0 = Release|Any CPU
		{2F99904D-95EC-4BA6-8455-657874B11E20}.Release|x64.ActiveCfg = Release|Any CPU
		{2F99904D-95EC-4BA6-8455-657874B11E20}.Release|x64.Build.0 = Release|Any CPU
		{2F99904D-95EC-4BA6-8455-657874B11E20}.Release|x86.ActiveCfg = Release|Any CPU
		{2F99904D-95EC-4BA6-8455-657874B11E20}.Release|x86.Build.0 = Release|Any CPU
		{E0E7591F-C06D-4ED8-9893-3C0272F224BA}.Debug|Any CPU.ActiveCfg = Debug|Any CPU
		{E0E7591F-C06D-4ED8-9893-3C0272F224BA}.Debug|Any CPU.Build.0 = Debug|Any CPU
		{E0E7591F-C06D-4ED8-9893-3C0272F224BA}.Debug|x64.ActiveCfg = Debug|Any CPU
		{E0E7591F-C06D-4ED8-9893-3C0272F224BA}.Debug|x64.Build.0 = Debug|Any CPU
		{E0E7591F-C06D-4ED8-9893-3C0272F224BA}.Debug|x86.ActiveCfg = Debug|Any CPU
		{E0E7591F-C06D-4ED8-9893-3C0272F224BA}.Debug|x86.Build.0 = Debug|Any CPU
		{E0E7591F-C06D-4ED8-9893-3C0272F224BA}.Release|Any CPU.ActiveCfg = Release|Any CPU
		{E0E7591F-C06D-4ED8-9893-3C0272F224BA}.Release|Any CPU.Build.0 = Release|Any CPU
		{E0E7591F-C06D-4ED8-9893-3C0272F224BA}.Release|x64.ActiveCfg = Release|Any CPU
		{E0E7591F-C06D-4ED8-9893-3C0272F224BA}.Release|x64.Build.0 = Release|Any CPU
		{E0E7591F-C06D-4ED8-9893-3C0272F224BA}.Release|x86.ActiveCfg = Release|Any CPU
		{E0E7591F-C06D-4ED8-9893-3C0272F224BA}.Release|x86.Build.0 = Release|Any CPU
		{02B6D5AC-0A18-490A-86FA-6B295E83C444}.Debug|Any CPU.ActiveCfg = Debug|Any CPU
		{02B6D5AC-0A18-490A-86FA-6B295E83C444}.Debug|Any CPU.Build.0 = Debug|Any CPU
		{02B6D5AC-0A18-490A-86FA-6B295E83C444}.Debug|x64.ActiveCfg = Debug|Any CPU
		{02B6D5AC-0A18-490A-86FA-6B295E83C444}.Debug|x64.Build.0 = Debug|Any CPU
		{02B6D5AC-0A18-490A-86FA-6B295E83C444}.Debug|x86.ActiveCfg = Debug|Any CPU
		{02B6D5AC-0A18-490A-86FA-6B295E83C444}.Debug|x86.Build.0 = Debug|Any CPU
		{02B6D5AC-0A18-490A-86FA-6B295E83C444}.Release|Any CPU.ActiveCfg = Release|Any CPU
		{02B6D5AC-0A18-490A-86FA-6B295E83C444}.Release|Any CPU.Build.0 = Release|Any CPU
		{02B6D5AC-0A18-490A-86FA-6B295E83C444}.Release|x64.ActiveCfg = Release|Any CPU
		{02B6D5AC-0A18-490A-86FA-6B295E83C444}.Release|x64.Build.0 = Release|Any CPU
		{02B6D5AC-0A18-490A-86FA-6B295E83C444}.Release|x86.ActiveCfg = Release|Any CPU
		{02B6D5AC-0A18-490A-86FA-6B295E83C444}.Release|x86.Build.0 = Release|Any CPU
		{11DAEED0-64FC-4AD1-8E03-87622E217534}.Debug|Any CPU.ActiveCfg = Debug|Any CPU
		{11DAEED0-64FC-4AD1-8E03-87622E217534}.Debug|Any CPU.Build.0 = Debug|Any CPU
		{11DAEED0-64FC-4AD1-8E03-87622E217534}.Debug|x64.ActiveCfg = Debug|Any CPU
		{11DAEED0-64FC-4AD1-8E03-87622E217534}.Debug|x64.Build.0 = Debug|Any CPU
		{11DAEED0-64FC-4AD1-8E03-87622E217534}.Debug|x86.ActiveCfg = Debug|Any CPU
		{11DAEED0-64FC-4AD1-8E03-87622E217534}.Debug|x86.Build.0 = Debug|Any CPU
		{11DAEED0-64FC-4AD1-8E03-87622E217534}.Release|Any CPU.ActiveCfg = Release|Any CPU
		{11DAEED0-64FC-4AD1-8E03-87622E217534}.Release|Any CPU.Build.0 = Release|Any CPU
		{11DAEED0-64FC-4AD1-8E03-87622E217534}.Release|x64.ActiveCfg = Release|Any CPU
		{11DAEED0-64FC-4AD1-8E03-87622E217534}.Release|x64.Build.0 = Release|Any CPU
		{11DAEED0-64FC-4AD1-8E03-87622E217534}.Release|x86.ActiveCfg = Release|Any CPU
		{11DAEED0-64FC-4AD1-8E03-87622E217534}.Release|x86.Build.0 = Release|Any CPU
	EndGlobalSection
EndGlobal
